
Microsoft Visual Studio Solution File, Format Version 12.00
# Visual Studio Version 17
VisualStudioVersion = 17.9.34728.123
MinimumVisualStudioVersion = 10.0.40219.1
Project("{FAE04EC0-301F-11D3-BF4B-00C04F79EFBC}") = "Checkpoint2Humberto", "Checkpoint2Humberto\Checkpoint2Humberto.csproj", "{3012FE52-3884-4272-A3CC-B1B712F104A0}"
EndProject
Global
	GlobalSection(SolutionConfigurationPlatforms) = preSolution
		Debug|Any CPU = Debug|Any CPU
		Release|Any CPU = Release|Any CPU
	EndGlobalSection
	GlobalSection(ProjectConfigurationPlatforms) = postSolution
		{3012FE52-3884-4272-A3CC-B1B712F104A0}.Debug|Any CPU.ActiveCfg = Debug|Any CPU
		{3012FE52-3884-4272-A3CC-B1B712F104A0}.Debug|Any CPU.Build.0 = Debug|Any CPU
		{3012FE52-3884-4272-A3CC-B1B712F104A0}.Release|Any CPU.ActiveCfg = Release|Any CPU
		{3012FE52-3884-4272-A3CC-B1B712F104A0}.Release|Any CPU.Build.0 = Release|Any CPU
	EndGlobalSection
	GlobalSection(SolutionProperties) = preSolution
		HideSolutionNode = FALSE
	EndGlobalSection
	GlobalSection(ExtensibilityGlobals) = postSolution
		SolutionGuid = {9A4A55AA-F186-4790-967A-9B3B11609A7A}
	EndGlobalSection
EndGlobal
